
Microsoft Visual Studio Solution File, Format Version 12.00
# Visual Studio Version 17
VisualStudioVersion = 17.1.32210.238
MinimumVisualStudioVersion = 10.0.40219.1
Project("{FAE04EC0-301F-11D3-BF4B-00C04F79EFBC}") = "NBD", "NBD\NBD.csproj", "{DE874367-E354-4C2E-B478-C661F0B70C45}"
EndProject
Global
	GlobalSection(SolutionConfigurationPlatforms) = preSolution
		Debug|Any CPU = Debug|Any CPU
		Release|Any CPU = Release|Any CPU
	EndGlobalSection
	GlobalSection(ProjectConfigurationPlatforms) = postSolution
		{DE874367-E354-4C2E-B478-C661F0B70C45}.Debug|Any CPU.ActiveCfg = Debug|Any CPU
		{DE874367-E354-4C2E-B478-C661F0B70C45}.Debug|Any CPU.Build.0 = Debug|Any CPU
		{DE874367-E354-4C2E-B478-C661F0B70C45}.Release|Any CPU.ActiveCfg = Release|Any CPU
		{DE874367-E354-4C2E-B478-C661F0B70C45}.Release|Any CPU.Build.0 = Release|Any CPU
	EndGlobalSection
	GlobalSection(SolutionProperties) = preSolution
		HideSolutionNode = FALSE
	EndGlobalSection
	GlobalSection(ExtensibilityGlobals) = postSolution
		SolutionGuid = {61EF18B2-11C3-48EF-882B-95B6431A2D9E}
	EndGlobalSection
EndGlobal
